
Microsoft Visual Studio Solution File, Format Version 12.00
# Visual Studio Version 17
VisualStudioVersion = 17.1.32421.90
MinimumVisualStudioVersion = 10.0.40219.1
Project("{8BC9CEB8-8B4A-11D0-8D11-00A0C91BC942}") = "Sandbox", "Sandbox\Sandbox.vcxproj", "{BCC5C74B-7C3A-426C-8700-1C34DE0E6DC8}"
EndProject
Project("{8BC9CEB8-8B4A-11D0-8D11-00A0C91BC942}") = "Hazel", "Hazel\Hazel.vcxproj", "{9A4056F8-2CD3-48B8-9777-9374E3284C69}"
EndProject

Global
	GlobalSection(SolutionConfigurationPlatforms) = preSolution
		Debug|x64 = Debug|x64
		Release|x64 = Release|x64
	EndGlobalSection
	GlobalSection(ProjectConfigurationPlatforms) = postSolution
		{9A4056F8-2CD3-48B8-9777-9374E3284C69}.Debug|x64.ActiveCfg = Debug|x64
		{9A4056F8-2CD3-48B8-9777-9374E3284C69}.Debug|x64.Build.0 = Debug|x64
		{9A4056F8-2CD3-48B8-9777-9374E3284C69}.Release|x64.ActiveCfg = Release|x64
		{9A4056F8-2CD3-48B8-9777-9374E3284C69}.Release|x64.Build.0 = Release|x64
		{BCC5C74B-7C3A-426C-8700-1C34DE0E6DC8}.Debug|x64.ActiveCfg = Debug|x64
		{BCC5C74B-7C3A-426C-8700-1C34DE0E6DC8}.Debug|x64.Build.0 = Debug|x64
		{BCC5C74B-7C3A-426C-8700-1C34DE0E6DC8}.Release|x64.ActiveCfg = Release|x64
		{BCC5C74B-7C3A-426C-8700-1C34DE0E6DC8}.Release|x64.Build.0 = Release|x64
	EndGlobalSection
	GlobalSection(SolutionProperties) = preSolution
		HideSolutionNode = FALSE
	EndGlobalSection
	GlobalSection(ExtensibilityGlobals) = postSolution
		SolutionGuid = {01F0330B-29E6-4EBB-A276-B902EEA2BDF4}
	EndGlobalSection
EndGlobal
